{
  "name": "jobs-wasfai-pdf-renderer",
  "lockfileVersion": 3,
  "requires": true,
  "packages": {
    "": {
      "name": "jobs-wasfai-pdf-renderer",
      "dependencies": {
        "@cloudflare/containers": "^0.0.31",
        "mena-job-command-center": "file:../.."
      }
    },
    "../..": {
      "name": "mena-job-command-center",
      "version": "1.0.0",
      "license": "ISC",
      "devDependencies": {
        "@playwright/test": "^1.61.1",
        "wrangler": "^4.110.0"
      }
    },
    "node_modules/@cloudflare/containers": {
      "version": "0.0.31",
      "resolved": "https://registry.npmjs.org/@cloudflare/containers/-/containers-0.0.31.tgz",
      "integrity": "sha512-zHxW6/JMzvK9To98OcNg2d3eiZUZRg11pARmQpJJyQdIQ0eQ/dh/Wpufx+HGd0k/xjMdrFP77YnOeopxdzsgng==",
      "license": "ISC"
    },
    "node_modules/mena-job-command-center": {
      "resolved": "../..",
      "link": true
    }
  }
}
